// !$*UTF8*$!
{
	archiveVersion = 1;
	classes = {
	};
	objectVersion = 46;
	objects = {

/* Begin PBXBuildFile section */
		71D990321E94C8A6002C46F5 /* main.m in Sources */ = {isa = PBXBuildFile; fileRef = 71D990311E94C8A6002C46F5 /* main.m */; };
		71D990351E94C8A6002C46F5 /* AppDelegate.m in Sources */ = {isa = PBXBuildFile; fileRef = 71D990341E94C8A6002C46F5 /* AppDelegate.m */; };
		71D990381E94C8A6002C46F5 /* ViewController.m in Sources */ = {isa = PBXBuildFile; fileRef = 71D990371E94C8A6002C46F5 /* ViewController.m */; };
		71D9903B1E94C8A6002C46F5 /* Main.storyboard in Resources */ = {isa = PBXBuildFile; fileRef = 71D990391E94C8A6002C46F5 /* Main.storyboard */; };
		71D9903D1E94C8A6002C46F5 /* Assets.xcassets in Resources */ = {isa = PBXBuildFile; fileRef = 71D9903C1E94C8A6002C46F5 /* Assets.xcassets */; };
		71D990401E94C8A6002C46F5 /* LaunchScreen.storyboard in Resources */ = {isa = PBXBuildFile; fileRef = 71D9903E1E94C8A6002C46F5 /* LaunchScreen.storyboard */; };
		71D990491E94C920002C46F5 /* UINavigationController+CodeFragments.m in Sources */ = {isa = PBXBuildFile; fileRef = 71D990481E94C920002C46F5 /* UINavigationController+CodeFragments.m */; };
		71D9904C1E95015B002C46F5 /* SecondViewController.m in Sources */ = {isa = PBXBuildFile; fileRef = 71D9904B1E95015B002C46F5 /* SecondViewController.m */; };
/* End PBXBuildFile section */

/* Begin PBXFileReference section */
		71D9902D1E94C8A6002C46F5 /* TransparentNavigationBar.app */ = {isa = PBXFileReference; explicitFileType = wrapper.application; includeInIndex = 0; path = TransparentNavigationBar.app; sourceTree = BUILT_PRODUCTS_DIR; };
		71D990311E94C8A6002C46F5 /* main.m */ = {isa = PBXFileReference; lastKnownFileType = sourcecode.c.objc; path = main.m; sourceTree = "<group>"; };
		71D990331E94C8A6002C46F5 /* AppDelegate.h */ = {isa = PBXFileReference; lastKnownFileType = sourcecode.c.h; path = AppDelegate.h; sourceTree = "<group>"; };
		71D990341E94C8A6002C46F5 /* AppDelegate.m */ = {isa = PBXFileReference; lastKnownFileType = sourcecode.c.objc; path = AppDelegate.m; sourceTree = "<group>"; };
		71D990361E94C8A6002C46F5 /* ViewController.h */ = {isa = PBXFileReference; lastKnownFileType = sourcecode.c.h; path = ViewController.h; sourceTree = "<group>"; };
		71D990371E94C8A6002C46F5 /* ViewController.m */ = {isa = PBXFileReference; lastKnownFileType = sourcecode.c.objc; path = ViewController.m; sourceTree = "<group>"; };
		71D9903A1E94C8A6002C46F5 /* Base */ = {isa = PBXFileReference; lastKnownFileType = file.storyboard; name = Base; path = Base.lproj/Main.storyboard; sourceTree = "<group>"; };
		71D9903C1E94C8A6002C46F5 /* Assets.xcassets */ = {isa = PBXFileReference; lastKnownFileType = folder.assetcatalog; path = Assets.xcassets; sourceTree = "<group>"; };
		71D9903F1E94C8A6002C46F5 /* Base */ = {isa = PBXFileReference; lastKnownFileType = file.storyboard; name = Base; path = Base.lproj/LaunchScreen.storyboard; sourceTree = "<group>"; };
		71D990411E94C8A6002C46F5 /* Info.plist */ = {isa = PBXFileReference; lastKnownFileType = text.plist.xml; path = Info.plist; sourceTree = "<group>"; };
		71D990471E94C920002C46F5 /* UINavigationController+CodeFragments.h */ = {isa = PBXFileReference; fileEncoding = 4; lastKnownFileType = sourcecode.c.h; path = "UINavigationController+CodeFragments.h"; sourceTree = "<group>"; };
		71D990481E94C920002C46F5 /* UINavigationController+CodeFragments.m */ = {isa = PBXFileReference; fileEncoding = 4; lastKnownFileType = sourcecode.c.objc; path = "UINavigationController+CodeFragments.m"; sourceTree = "<group>"; };
		71D9904A1E95015B002C46F5 /* SecondViewController.h */ = {isa = PBXFileReference; fileEncoding = 4; lastKnownFileType = sourcecode.c.h; path = SecondViewController.h; sourceTree = "<group>"; };
		71D9904B1E95015B002C46F5 /* SecondViewController.m */ = {isa = PBXFileReference; fileEncoding = 4; lastKnownFileType = sourcecode.c.objc; path = SecondViewController.m; sourceTree = "<group>"; };
/* End PBXFileReference section */

/* Begin PBXFrameworksBuildPhase section */
		71D9902A1E94C8A6002C46F5 /* Frameworks */ = {
			isa = PBXFrameworksBuildPhase;
			buildActionMask = 2147483647;
			files = (
			);
			runOnlyForDeploymentPostprocessing = 0;
		};
/* End PBXFrameworksBuildPhase section */

/* Begin PBXGroup section */
		71D990241E94C8A6002C46F5 = {
			isa = PBXGroup;
			children = (
				71D9902F1E94C8A6002C46F5 /* TransparentNavigationBar */,
				71D9902E1E94C8A6002C46F5 /* Products */,
			);
			sourceTree = "<group>";
		};
		71D9902E1E94C8A6002C46F5 /* Products */ = {
			isa = PBXGroup;
			children = (
				71D9902D1E94C8A6002C46F5 /* TransparentNavigationBar.app */,
			);
			name = Products;
			sourceTree = "<group>";
		};
		71D9902F1E94C8A6002C46F5 /* TransparentNavigationBar */ = {
			isa = PBXGroup;
			children = (
				71D990471E94C920002C46F5 /* UINavigationController+CodeFragments.h */,
				71D990481E94C920002C46F5 /* UINavigationController+CodeFragments.m */,
				71D990331E94C8A6002C46F5 /* AppDelegate.h */,
				71D990341E94C8A6002C46F5 /* AppDelegate.m */,
				71D990361E94C8A6002C46F5 /* ViewController.h */,
				71D990371E94C8A6002C46F5 /* ViewController.m */,
				71D9904A1E95015B002C46F5 /* SecondViewController.h */,
				71D9904B1E95015B002C46F5 /* SecondViewController.m */,
				71D990391E94C8A6002C46F5 /* Main.storyboard */,
				71D9903C1E94C8A6002C46F5 /* Assets.xcassets */,
				71D9903E1E94C8A6002C46F5 /* LaunchScreen.storyboard */,
				71D990411E94C8A6002C46F5 /* Info.plist */,
				71D990301E94C8A6002C46F5 /* Supporting Files */,
			);
			path = TransparentNavigationBar;
			sourceTree = "<group>";
		};
		71D990301E94C8A6002C46F5 /* Supporting Files */ = {
			isa = PBXGroup;
			children = (
				71D990311E94C8A6002C46F5 /* main.m */,
			);
			name = "Supporting Files";
			sourceTree = "<group>";
		};
/* End PBXGroup section */

/* Begin PBXNativeTarget section */
		71D9902C1E94C8A6002C46F5 /* TransparentNavigationBar */ = {
			isa = PBXNativeTarget;
			buildConfigurationList = 71D990441E94C8A6002C46F5 /* Build configuration list for PBXNativeTarget "TransparentNavigationBar" */;
			buildPhases = (
				71D990291E94C8A6002C46F5 /* Sources */,
				71D9902A1E94C8A6002C46F5 /* Frameworks */,
				71D9902B1E94C8A6002C46F5 /* Resources */,
			);
			buildRules = (
			);
			dependencies = (
			);
			name = TransparentNavigationBar;
			productName = TransparentNavigationBar;
			productReference = 71D9902D1E94C8A6002C46F5 /* TransparentNavigationBar.app */;
			productType = "com.apple.product-type.application";
		};
/* End PBXNativeTarget section */

/* Begin PBXProject section */
		71D990251E94C8A6002C46F5 /* Project object */ = {
			isa = PBXProject;
			attributes = {
				LastUpgradeCheck = 0830;
				ORGANIZATIONNAME = jinyu;
				TargetAttributes = {
					71D9902C1E94C8A6002C46F5 = {
						CreatedOnToolsVersion = 8.3;
						DevelopmentTeam = 6SEP4AQ5W5;
						ProvisioningStyle = Automatic;
					};
				};
			};
			buildConfigurationList = 71D990281E94C8A6002C46F5 /* Build configuration list for PBXProject "TransparentNavigationBar" */;
			compatibilityVersion = "Xcode 3.2";
			developmentRegion = English;
			hasScannedForEncodings = 0;
			knownRegions = (
				en,
				Base,
			);
			mainGroup = 71D990241E94C8A6002C46F5;
			productRefGroup = 71D9902E1E94C8A6002C46F5 /* Products */;
			projectDirPath = "";
			projectRoot = "";
			targets = (
				71D9902C1E94C8A6002C46F5 /* TransparentNavigationBar */,
			);
		};
/* End PBXProject section */

/* Begin PBXResourcesBuildPhase section */
		71D9902B1E94C8A6002C46F5 /* Resources */ = {
			isa = PBXResourcesBuildPhase;
			buildActionMask = 2147483647;
			files = (
				71D990401E94C8A6002C46F5 /* LaunchScreen.storyboard in Resources */,
				71D9903D1E94C8A6002C46F5 /* Assets.xcassets in Resources */,
				71D9903B1E94C8A6002C46F5 /* Main.storyboard in Resources */,
			);
			runOnlyForDeploymentPostprocessing = 0;
		};
/* End PBXResourcesBuildPhase section */

/* Begin PBXSourcesBuildPhase section */
		71D990291E94C8A6002C46F5 /* Sources */ = {
			isa = PBXSourcesBuildPhase;
			buildActionMask = 2147483647;
			files = (
				71D9904C1E95015B002C46F5 /* SecondViewController.m in Sources */,
				71D990491E94C920002C46F5 /* UINavigationController+CodeFragments.m in Sources */,
				71D990381E94C8A6002C46F5 /* ViewController.m in Sources */,
				71D990351E94C8A6002C46F5 /* AppDelegate.m in Sources */,
				71D990321E94C8A6002C46F5 /* main.m in Sources */,
			);
			runOnlyForDeploymentPostprocessing = 0;
		};
/* End PBXSourcesBuildPhase section */

/* Begin PBXVariantGroup section */
		71D990391E94C8A6002C46F5 /* Main.storyboard */ = {
			isa = PBXVariantGroup;
			children = (
				71D9903A1E94C8A6002C46F5 /* Base */,
			);
			name = Main.storyboard;
			sourceTree = "<group>";
		};
		71D9903E1E94C8A6002C46F5 /* LaunchScreen.storyboard */ = {
			isa = PBXVariantGroup;
			children = (
				71D9903F1E94C8A6002C46F5 /* Base */,
			);
			name = LaunchScreen.storyboard;
			sourceTree = "<group>";
		};
/* End PBXVariantGroup section */

/* Begin XCBuildConfiguration section */
		71D990421E94C8A6002C46F5 /* Debug */ = {
			isa = XCBuildConfiguration;
			buildSettings = {
				ALWAYS_SEARCH_USER_PATHS = NO;
				CLANG_ANALYZER_NONNULL = YES;
				CLANG_ANALYZER_NUMBER_OBJECT_CONVERSION = YES_AGGRESSIVE;
				CLANG_CXX_LANGUAGE_STANDARD = "gnu++0x";
				CLANG_CXX_LIBRARY = "libc++";
				CLANG_ENABLE_MODULES = YES;
				CLANG_ENABLE_OBJC_ARC = YES;
				CLANG_WARN_BOOL_CONVERSION = YES;
				CLANG_WARN_CONSTANT_CONVERSION = YES;
				CLANG_WARN_DIRECT_OBJC_ISA_USAGE = YES_ERROR;
				CLANG_WARN_DOCUMENTATION_COMMENTS = YES;
				CLANG_WARN_EMPTY_BODY = YES;
				CLANG_WARN_ENUM_CONVERSION = YES;
				CLANG_WARN_INFINITE_RECURSION = YES;
				CLANG_WARN_INT_CONVERSION = YES;
				CLANG_WARN_OBJC_ROOT_CLASS = YES_ERROR;
				CLANG_WARN_SUSPICIOUS_MOVE = YES;
				CLANG_WARN_UNREACHABLE_CODE = YES;
				CLANG_WARN__DUPLICATE_METHOD_MATCH = YES;
				"CODE_SIGN_IDENTITY[sdk=iphoneos*]" = "iPhone Developer";
				COPY_PHASE_STRIP = NO;
				DEBUG_INFORMATION_FORMAT = dwarf;
				ENABLE_STRICT_OBJC_MSGSEND = YES;
				ENABLE_TESTABILITY = YES;
				GCC_C_LANGUAGE_STANDARD = gnu99;
				GCC_DYNAMIC_NO_PIC = NO;
				GCC_NO_COMMON_BLOCKS = YES;
				GCC_OPTIMIZATION_LEVEL = 0;
				GCC_PREPROCESSOR_DEFINITIONS = (
					"DEBUG=1",
					"$(inherited)",
				);
				GCC_WARN_64_TO_32_BIT_CONVERSION = YES;
				GCC_WARN_ABOUT_RETURN_TYPE = YES_ERROR;
				GCC_WARN_UNDECLARED_SELECTOR = YES;
				GCC_WARN_UNINITIALIZED_AUTOS = YES_AGGRESSIVE;
				GCC_WARN_UNUSED_FUNCTION = YES;
				GCC_WARN_UNUSED_VARIABLE = YES;
				IPHONEOS_DEPLOYMENT_TARGET = 10.3;
				MTL_ENABLE_DEBUG_INFO = YES;
				ONLY_ACTIVE_ARCH = YES;
				SDKROOT = iphoneos;
				TARGETED_DEVICE_FAMILY = "1,2";
			};
			name = Debug;
		};
		71D990431E94C8A6002C46F5 /* Release */ = {
			isa = XCBuildConfiguration;
			buildSettings = {
				ALWAYS_SEARCH_USER_PATHS = NO;
				CLANG_ANALYZER_NONNULL = YES;
				CLANG_ANALYZER_NUMBER_OBJECT_CONVERSION = YES_AGGRESSIVE;
				CLANG_CXX_LANGUAGE_STANDARD = "gnu++0x";
				CLANG_CXX_LIBRARY = "libc++";
				CLANG_ENABLE_MODULES = YES;
				CLANG_ENABLE_OBJC_ARC = YES;
				CLANG_WARN_BOOL_CONVERSION = YES;
				CLANG_WARN_CONSTANT_CONVERSION = YES;
				CLANG_WARN_DIRECT_OBJC_ISA_USAGE = YES_ERROR;
				CLANG_WARN_DOCUMENTATION_COMMENTS = YES;
				CLANG_WARN_EMPTY_BODY = YES;
				CLANG_WARN_ENUM_CONVERSION = YES;
				CLANG_WARN_INFINITE_RECURSION = YES;
				CLANG_WARN_INT_CONVERSION = YES;
				CLANG_WARN_OBJC_ROOT_CLASS = YES_ERROR;
				CLANG_WARN_SUSPICIOUS_MOVE = YES;
				CLANG_WARN_UNREACHABLE_CODE = YES;
				CLANG_WARN__DUPLICATE_METHOD_MATCH = YES;
				"CODE_SIGN_IDENTITY[sdk=iphoneos*]" = "iPhone Developer";
				COPY_PHASE_STRIP = NO;
				DEBUG_INFORMATION_FORMAT = "dwarf-with-dsym";
				ENABLE_NS_ASSERTIONS = NO;
				ENABLE_STRICT_OBJC_MSGSEND = YES;
				GCC_C_LANGUAGE_STANDARD = gnu99;
				GCC_NO_COMMON_BLOCKS = YES;
				GCC_WARN_64_TO_32_BIT_CONVERSION = YES;
				GCC_WARN_ABOUT_RETURN_TYPE = YES_ERROR;
				GCC_WARN_UNDECLARED_SELECTOR = YES;
				GCC_WARN_UNINITIALIZED_AUTOS = YES_AGGRESSIVE;
				GCC_WARN_UNUSED_FUNCTION = YES;
				GCC_WARN_UNUSED_VARIABLE = YES;
				IPHONEOS_DEPLOYMENT_TARGET = 10.3;
				MTL_ENABLE_DEBUG_INFO = NO;
				SDKROOT = iphoneos;
				TARGETED_DEVICE_FAMILY = "1,2";
				VALIDATE_PRODUCT = YES;
			};
			name = Release;
		};
		71D990451E94C8A6002C46F5 /* Debug */ = {
			isa = XCBuildConfiguration;
			buildSettings = {
				ASSETCATALOG_COMPILER_APPICON_NAME = AppIcon;
				DEVELOPMENT_TEAM = 6SEP4AQ5W5;
				INFOPLIST_FILE = TransparentNavigationBar/Info.plist;
				LD_RUNPATH_SEARCH_PATHS = "$(inherited) @executable_path/Frameworks";
				PRODUCT_BUNDLE_IDENTIFIER = c.TransparentNavigationBar;
				PRODUCT_NAME = "$(TARGET_NAME)";
			};
			name = Debug;
		};
		71D990461E94C8A6002C46F5 /* Release */ = {
			isa = XCBuildConfiguration;
			buildSettings = {
				ASSETCATALOG_COMPILER_APPICON_NAME = AppIcon;
				DEVELOPMENT_TEAM = 6SEP4AQ5W5;
				INFOPLIST_FILE = TransparentNavigationBar/Info.plist;
				LD_RUNPATH_SEARCH_PATHS = "$(inherited) @executable_path/Frameworks";
				PRODUCT_BUNDLE_IDENTIFIER = c.TransparentNavigationBar;
				PRODUCT_NAME = "$(TARGET_NAME)";
			};
			name = Release;
		};
/* End XCBuildConfiguration section */

/* Begin XCConfigurationList section */
		71D990281E94C8A6002C46F5 /* Build configuration list for PBXProject "TransparentNavigationBar" */ = {
			isa = XCConfigurationList;
			buildConfigurations = (
				71D990421E94C8A6002C46F5 /* Debug */,
				71D990431E94C8A6002C46F5 /* Release */,
			);
			defaultConfigurationIsVisible = 0;
			defaultConfigurationName = Release;
		};
		71D990441E94C8A6002C46F5 /* Build configuration list for PBXNativeTarget "TransparentNavigationBar" */ = {
			isa = XCConfigurationList;
			buildConfigurations = (
				71D990451E94C8A6002C46F5 /* Debug */,
				71D990461E94C8A6002C46F5 /* Release */,
			);
			defaultConfigurationIsVisible = 0;
			defaultConfigurationName = Release;
		};
/* End XCConfigurationList section */
	};
	rootObject = 71D990251E94C8A6002C46F5 /* Project object */;
}
